
Microsoft Visual Studio Solution File, Format Version 12.00
# Visual Studio Version 16
VisualStudioVersion = 16.0.28705.295
MinimumVisualStudioVersion = 10.0.40219.1
Project("{9092AA53-FB77-4645-B42D-1CCCA6BD08BD}") = "watching_together", "watching_together.njsproj", "{8CAA50C5-5669-4801-B3BD-D13FFC2CD64F}"
EndProject
Global
	GlobalSection(SolutionConfigurationPlatforms) = preSolution
		Debug|Any CPU = Debug|Any CPU
		Release|Any CPU = Release|Any CPU
	EndGlobalSection
	GlobalSection(ProjectConfigurationPlatforms) = postSolution
		{8CAA50C5-5669-4801-B3BD-D13FFC2CD64F}.Debug|Any CPU.ActiveCfg = Debug|Any CPU
		{8CAA50C5-5669-4801-B3BD-D13FFC2CD64F}.Debug|Any CPU.Build.0 = Debug|Any CPU
		{8CAA50C5-5669-4801-B3BD-D13FFC2CD64F}.Release|Any CPU.ActiveCfg = Release|Any CPU
		{8CAA50C5-5669-4801-B3BD-D13FFC2CD64F}.Release|Any CPU.Build.0 = Release|Any CPU
	EndGlobalSection
	GlobalSection(SolutionProperties) = preSolution
		HideSolutionNode = FALSE
	EndGlobalSection
	GlobalSection(ExtensibilityGlobals) = postSolution
		SolutionGuid = {D6282991-330B-4D9F-AFD4-2D862464DCE8}
	EndGlobalSection
EndGlobal
